
Microsoft Visual Studio Solution File, Format Version 12.00
# Visual Studio Version 17
VisualStudioVersion = 17.1.32328.378
MinimumVisualStudioVersion = 10.0.40219.1
Project("{FAE04EC0-301F-11D3-BF4B-00C04F79EFBC}") = "E-Agenda", "E-Agenda\E-Agenda.csproj", "{270C0709-6613-4A7A-A65B-9AB24B4F4015}"
EndProject
Global
	GlobalSection(SolutionConfigurationPlatforms) = preSolution
		Debug|Any CPU = Debug|Any CPU
		Release|Any CPU = Release|Any CPU
	EndGlobalSection
	GlobalSection(ProjectConfigurationPlatforms) = postSolution
		{270C0709-6613-4A7A-A65B-9AB24B4F4015}.Debug|Any CPU.ActiveCfg = Debug|Any CPU
		{270C0709-6613-4A7A-A65B-9AB24B4F4015}.Debug|Any CPU.Build.0 = Debug|Any CPU
		{270C0709-6613-4A7A-A65B-9AB24B4F4015}.Release|Any CPU.ActiveCfg = Release|Any CPU
		{270C0709-6613-4A7A-A65B-9AB24B4F4015}.Release|Any CPU.Build.0 = Release|Any CPU
	EndGlobalSection
	GlobalSection(SolutionProperties) = preSolution
		HideSolutionNode = FALSE
	EndGlobalSection
	GlobalSection(ExtensibilityGlobals) = postSolution
		SolutionGuid = {A1FFD07E-0749-46CE-BE16-364E9C6F635D}
	EndGlobalSection
EndGlobal
